
Microsoft Visual Studio Solution File, Format Version 12.00
# Visual Studio Version 16
VisualStudioVersion = 16.0.30204.135
MinimumVisualStudioVersion = 10.0.40219.1
Project("{FAE04EC0-301F-11D3-BF4B-00C04F79EFBC}") = "GenericTest", "GenericTest\GenericTest.csproj", "{0E65693E-FDD4-4FE4-896A-0B1137DF3F41}"
EndProject
Global
	GlobalSection(SolutionConfigurationPlatforms) = preSolution
		Debug|Any CPU = Debug|Any CPU
		Release|Any CPU = Release|Any CPU
	EndGlobalSection
	GlobalSection(ProjectConfigurationPlatforms) = postSolution
		{0E65693E-FDD4-4FE4-896A-0B1137DF3F41}.Debug|Any CPU.ActiveCfg = Debug|Any CPU
		{0E65693E-FDD4-4FE4-896A-0B1137DF3F41}.Debug|Any CPU.Build.0 = Debug|Any CPU
		{0E65693E-FDD4-4FE4-896A-0B1137DF3F41}.Release|Any CPU.ActiveCfg = Release|Any CPU
		{0E65693E-FDD4-4FE4-896A-0B1137DF3F41}.Release|Any CPU.Build.0 = Release|Any CPU
	EndGlobalSection
	GlobalSection(SolutionProperties) = preSolution
		HideSolutionNode = FALSE
	EndGlobalSection
	GlobalSection(ExtensibilityGlobals) = postSolution
		SolutionGuid = {6E986BE4-E639-41F8-B955-2FB823812F76}
	EndGlobalSection
EndGlobal
